
Microsoft Visual Studio Solution File, Format Version 12.00
# Visual Studio 2013
VisualStudioVersion = 12.0.40629.0
MinimumVisualStudioVersion = 10.0.40219.1
Project("{FAE04EC0-301F-11D3-BF4B-00C04F79EFBC}") = "ITextSharpLibrary", "ITextSharpLibrary\ITextSharpLibrary.csproj", "{C86CB91E-2585-49B6-B01F-C03A8BE34253}"
EndProject
Global
	GlobalSection(SolutionConfigurationPlatforms) = preSolution
		Debug|Any CPU = Debug|Any CPU
		Release|Any CPU = Release|Any CPU
	EndGlobalSection
	GlobalSection(ProjectConfigurationPlatforms) = postSolution
		{C86CB91E-2585-49B6-B01F-C03A8BE34253}.Debug|Any CPU.ActiveCfg = Debug|Any CPU
		{C86CB91E-2585-49B6-B01F-C03A8BE34253}.Debug|Any CPU.Build.0 = Debug|Any CPU
		{C86CB91E-2585-49B6-B01F-C03A8BE34253}.Release|Any CPU.ActiveCfg = Release|Any CPU
		{C86CB91E-2585-49B6-B01F-C03A8BE34253}.Release|Any CPU.Build.0 = Release|Any CPU
	EndGlobalSection
	GlobalSection(SolutionProperties) = preSolution
		HideSolutionNode = FALSE
	EndGlobalSection
EndGlobal
